
Microsoft Visual Studio Solution File, Format Version 9.00
# Visual Studio 2005
Project("{FAE04EC0-301F-11D3-BF4B-00C04F79EFBC}") = "JsServerInstallerLangPack", "JsServerInstallerLangPack.csproj", "{376F7105-9E64-4098-8BA7-D616F779AA23}"
EndProject
Global
	GlobalSection(SolutionConfigurationPlatforms) = preSolution
		Debug|Any CPU = Debug|Any CPU
		Release|Any CPU = Release|Any CPU
	EndGlobalSection
	GlobalSection(ProjectConfigurationPlatforms) = postSolution
		{376F7105-9E64-4098-8BA7-D616F779AA23}.Debug|Any CPU.ActiveCfg = Debug|Any CPU
		{376F7105-9E64-4098-8BA7-D616F779AA23}.Debug|Any CPU.Build.0 = Debug|Any CPU
		{376F7105-9E64-4098-8BA7-D616F779AA23}.Release|Any CPU.ActiveCfg = Release|Any CPU
		{376F7105-9E64-4098-8BA7-D616F779AA23}.Release|Any CPU.Build.0 = Release|Any CPU
	EndGlobalSection
	GlobalSection(SolutionProperties) = preSolution
		HideSolutionNode = FALSE
	EndGlobalSection
EndGlobal
