
Microsoft Visual Studio Solution File, Format Version 9.00
# Visual Studio 2005
Project("{FAE04EC0-301F-11D3-BF4B-00C04F79EFBC}") = "JurikSoft Universal KeyGen", "JurikSoft Universal KeyGen.csproj", "{2CCDC82F-C91D-46EF-A763-D3950EF10CFA}"
EndProject
Global
	GlobalSection(SolutionConfigurationPlatforms) = preSolution
		Debug|Any CPU = Debug|Any CPU
		Release|Any CPU = Release|Any CPU
	EndGlobalSection
	GlobalSection(ProjectConfigurationPlatforms) = postSolution
		{2CCDC82F-C91D-46EF-A763-D3950EF10CFA}.Debug|Any CPU.ActiveCfg = Debug|Any CPU
		{2CCDC82F-C91D-46EF-A763-D3950EF10CFA}.Debug|Any CPU.Build.0 = Debug|Any CPU
		{2CCDC82F-C91D-46EF-A763-D3950EF10CFA}.Release|Any CPU.ActiveCfg = Release|Any CPU
		{2CCDC82F-C91D-46EF-A763-D3950EF10CFA}.Release|Any CPU.Build.0 = Release|Any CPU
	EndGlobalSection
	GlobalSection(SolutionProperties) = preSolution
		HideSolutionNode = FALSE
	EndGlobalSection
EndGlobal
