
Microsoft Visual Studio Solution File, Format Version 11.00
# Visual Studio 2010
Project("{FAE04EC0-301F-11D3-BF4B-00C04F79EFBC}") = "JsRct Xml Config Importer", "JsRct Xml Config Importer.csproj", "{98659AA5-401F-4693-B4B0-84B9DBC685E3}"
EndProject
Global
	GlobalSection(SolutionConfigurationPlatforms) = preSolution
		Debug|Any CPU = Debug|Any CPU
		Release|Any CPU = Release|Any CPU
	EndGlobalSection
	GlobalSection(ProjectConfigurationPlatforms) = postSolution
		{98659AA5-401F-4693-B4B0-84B9DBC685E3}.Debug|Any CPU.ActiveCfg = Debug|Any CPU
		{98659AA5-401F-4693-B4B0-84B9DBC685E3}.Debug|Any CPU.Build.0 = Debug|Any CPU
		{98659AA5-401F-4693-B4B0-84B9DBC685E3}.Release|Any CPU.ActiveCfg = Release|Any CPU
		{98659AA5-401F-4693-B4B0-84B9DBC685E3}.Release|Any CPU.Build.0 = Release|Any CPU
	EndGlobalSection
	GlobalSection(SolutionProperties) = preSolution
		HideSolutionNode = FALSE
	EndGlobalSection
EndGlobal
